
Microsoft Visual Studio Solution File, Format Version 12.00
# Visual Studio Version 17
VisualStudioVersion = 17.9.34723.18
MinimumVisualStudioVersion = 10.0.40219.1
Project("{9A19103F-16F7-4668-BE54-9A1E7A4F7556}") = "TDL.Domain", "TDL.Domain\TDL.Domain.csproj", "{1A8EA077-A6BE-4AAF-8BFB-34DAE4B0DBAA}"
EndProject
Project("{9A19103F-16F7-4668-BE54-9A1E7A4F7556}") = "TDL.Application", "TDL.Application\TDL.Application.csproj", "{310B7BC6-C540-450F-AA2D-2A50E6A0EE7E}"
EndProject
Project("{9A19103F-16F7-4668-BE54-9A1E7A4F7556}") = "TDL.Infrastructure", "TDL.Infrastructure\TDL.Infrastructure.csproj", "{7FFC688A-1CF4-4221-83AC-D74C04FD2CD6}"
EndProject
Project("{9A19103F-16F7-4668-BE54-9A1E7A4F7556}") = "TDL.API", "TDL.API\TDL.API.csproj", "{335FCC0F-83FE-401C-95EC-05A9765CA998}"
EndProject
Project("{9A19103F-16F7-4668-BE54-9A1E7A4F7556}") = "TDL.UI", "TDL.UI\TDL.UI.csproj", "{89EA22D6-2759-432D-A05B-7DA966DEA92C}"
EndProject
Global
	GlobalSection(SolutionConfigurationPlatforms) = preSolution
		Debug|Any CPU = Debug|Any CPU
		Release|Any CPU = Release|Any CPU
	EndGlobalSection
	GlobalSection(ProjectConfigurationPlatforms) = postSolution
		{1A8EA077-A6BE-4AAF-8BFB-34DAE4B0DBAA}.Debug|Any CPU.ActiveCfg = Debug|Any CPU
		{1A8EA077-A6BE-4AAF-8BFB-34DAE4B0DBAA}.Debug|Any CPU.Build.0 = Debug|Any CPU
		{1A8EA077-A6BE-4AAF-8BFB-34DAE4B0DBAA}.Release|Any CPU.ActiveCfg = Release|Any CPU
		{1A8EA077-A6BE-4AAF-8BFB-34DAE4B0DBAA}.Release|Any CPU.Build.0 = Release|Any CPU
		{310B7BC6-C540-450F-AA2D-2A50E6A0EE7E}.Debug|Any CPU.ActiveCfg = Debug|Any CPU
		{310B7BC6-C540-450F-AA2D-2A50E6A0EE7E}.Debug|Any CPU.Build.0 = Debug|Any CPU
		{310B7BC6-C540-450F-AA2D-2A50E6A0EE7E}.Release|Any CPU.ActiveCfg = Release|Any CPU
		{310B7BC6-C540-450F-AA2D-2A50E6A0EE7E}.Release|Any CPU.Build.0 = Release|Any CPU
		{7FFC688A-1CF4-4221-83AC-D74C04FD2CD6}.Debug|Any CPU.ActiveCfg = Debug|Any CPU
		{7FFC688A-1CF4-4221-83AC-D74C04FD2CD6}.Debug|Any CPU.Build.0 = Debug|Any CPU
		{7FFC688A-1CF4-4221-83AC-D74C04FD2CD6}.Release|Any CPU.ActiveCfg = Release|Any CPU
		{7FFC688A-1CF4-4221-83AC-D74C04FD2CD6}.Release|Any CPU.Build.0 = Release|Any CPU
		{335FCC0F-83FE-401C-95EC-05A9765CA998}.Debug|Any CPU.ActiveCfg = Debug|Any CPU
		{335FCC0F-83FE-401C-95EC-05A9765CA998}.Debug|Any CPU.Build.0 = Debug|Any CPU
		{335FCC0F-83FE-401C-95EC-05A9765CA998}.Release|Any CPU.ActiveCfg = Release|Any CPU
		{335FCC0F-83FE-401C-95EC-05A9765CA998}.Release|Any CPU.Build.0 = Release|Any CPU
		{89EA22D6-2759-432D-A05B-7DA966DEA92C}.Debug|Any CPU.ActiveCfg = Debug|Any CPU
		{89EA22D6-2759-432D-A05B-7DA966DEA92C}.Debug|Any CPU.Build.0 = Debug|Any CPU
		{89EA22D6-2759-432D-A05B-7DA966DEA92C}.Release|Any CPU.ActiveCfg = Release|Any CPU
		{89EA22D6-2759-432D-A05B-7DA966DEA92C}.Release|Any CPU.Build.0 = Release|Any CPU
	EndGlobalSection
	GlobalSection(SolutionProperties) = preSolution
		HideSolutionNode = FALSE
	EndGlobalSection
	GlobalSection(ExtensibilityGlobals) = postSolution
		SolutionGuid = {09516276-9788-4AA5-B86B-C32DFF8E43BE}
	EndGlobalSection
EndGlobal
